
Microsoft Visual Studio Solution File, Format Version 12.00
# Visual Studio Version 17
VisualStudioVersion = 17.1.32228.430
MinimumVisualStudioVersion = 10.0.40219.1
Project("{FAE04EC0-301F-11D3-BF4B-00C04F79EFBC}") = "OOP6", "OOP6.csproj", "{47A91955-62AA-4A32-BFE6-97B4406B6CF4}"
EndProject
Global
	GlobalSection(SolutionConfigurationPlatforms) = preSolution
		Debug|Any CPU = Debug|Any CPU
		Release|Any CPU = Release|Any CPU
	EndGlobalSection
	GlobalSection(ProjectConfigurationPlatforms) = postSolution
		{47A91955-62AA-4A32-BFE6-97B4406B6CF4}.Debug|Any CPU.ActiveCfg = Debug|Any CPU
		{47A91955-62AA-4A32-BFE6-97B4406B6CF4}.Debug|Any CPU.Build.0 = Debug|Any CPU
		{47A91955-62AA-4A32-BFE6-97B4406B6CF4}.Release|Any CPU.ActiveCfg = Release|Any CPU
		{47A91955-62AA-4A32-BFE6-97B4406B6CF4}.Release|Any CPU.Build.0 = Release|Any CPU
	EndGlobalSection
	GlobalSection(SolutionProperties) = preSolution
		HideSolutionNode = FALSE
	EndGlobalSection
	GlobalSection(ExtensibilityGlobals) = postSolution
		SolutionGuid = {5B7AB214-23C4-4E86-8B5F-387A0AD80180}
	EndGlobalSection
EndGlobal
